
Microsoft Visual Studio Solution File, Format Version 12.00
Project("{FAE04EC0-301F-11D3-BF4B-00C04F79EFBC}") = "Client", "Client\Client.csproj", "{A28E225A-F00A-4826-B0E8-696EE158A4E5}"
EndProject
Project("{FAE04EC0-301F-11D3-BF4B-00C04F79EFBC}") = "Server", "Server\Server.csproj", "{D43EA41C-D0F4-470E-AD31-A7A5D69C24F6}"
EndProject
Project("{FAE04EC0-301F-11D3-BF4B-00C04F79EFBC}") = "Shared", "Shared\Shared.csproj", "{6AC6F57D-6951-45A0-A575-D16CE488B1D4}"
EndProject
Project("{FAE04EC0-301F-11D3-BF4B-00C04F79EFBC}") = "Server.Test", "Server.Test\Server.Test.csproj", "{A71B0906-C918-4B33-91D8-9BF0EABEB495}"
EndProject
Global
	GlobalSection(SolutionConfigurationPlatforms) = preSolution
		Debug|Any CPU = Debug|Any CPU
		Release|Any CPU = Release|Any CPU
	EndGlobalSection
	GlobalSection(ProjectConfigurationPlatforms) = postSolution
		{A28E225A-F00A-4826-B0E8-696EE158A4E5}.Debug|Any CPU.ActiveCfg = Debug|Any CPU
		{A28E225A-F00A-4826-B0E8-696EE158A4E5}.Debug|Any CPU.Build.0 = Debug|Any CPU
		{A28E225A-F00A-4826-B0E8-696EE158A4E5}.Release|Any CPU.ActiveCfg = Release|Any CPU
		{A28E225A-F00A-4826-B0E8-696EE158A4E5}.Release|Any CPU.Build.0 = Release|Any CPU
		{D43EA41C-D0F4-470E-AD31-A7A5D69C24F6}.Debug|Any CPU.ActiveCfg = Debug|Any CPU
		{D43EA41C-D0F4-470E-AD31-A7A5D69C24F6}.Debug|Any CPU.Build.0 = Debug|Any CPU
		{D43EA41C-D0F4-470E-AD31-A7A5D69C24F6}.Release|Any CPU.ActiveCfg = Release|Any CPU
		{D43EA41C-D0F4-470E-AD31-A7A5D69C24F6}.Release|Any CPU.Build.0 = Release|Any CPU
		{6AC6F57D-6951-45A0-A575-D16CE488B1D4}.Debug|Any CPU.ActiveCfg = Debug|Any CPU
		{6AC6F57D-6951-45A0-A575-D16CE488B1D4}.Debug|Any CPU.Build.0 = Debug|Any CPU
		{6AC6F57D-6951-45A0-A575-D16CE488B1D4}.Release|Any CPU.ActiveCfg = Release|Any CPU
		{6AC6F57D-6951-45A0-A575-D16CE488B1D4}.Release|Any CPU.Build.0 = Release|Any CPU
		{A71B0906-C918-4B33-91D8-9BF0EABEB495}.Debug|Any CPU.ActiveCfg = Debug|Any CPU
		{A71B0906-C918-4B33-91D8-9BF0EABEB495}.Debug|Any CPU.Build.0 = Debug|Any CPU
		{A71B0906-C918-4B33-91D8-9BF0EABEB495}.Release|Any CPU.ActiveCfg = Release|Any CPU
		{A71B0906-C918-4B33-91D8-9BF0EABEB495}.Release|Any CPU.Build.0 = Release|Any CPU
	EndGlobalSection
EndGlobal
